// !$*UTF8*$!
{
	archiveVersion = 1;
	classes = {
	};
	objectVersion = 50;
	objects = {

/* Begin PBXBuildFile section */
		9B6499552155D50000D9C8DF /* AppDelegate.swift in Sources */ = {isa = PBXBuildFile; fileRef = 9B6499542155D50000D9C8DF /* AppDelegate.swift */; };
		9B6499572155D50000D9C8DF /* ViewController.swift in Sources */ = {isa = PBXBuildFile; fileRef = 9B6499562155D50000D9C8DF /* ViewController.swift */; };
		9B64995A2155D50000D9C8DF /* Main.storyboard in Resources */ = {isa = PBXBuildFile; fileRef = 9B6499582155D50000D9C8DF /* Main.storyboard */; };
		9B64995C2155D50200D9C8DF /* Assets.xcassets in Resources */ = {isa = PBXBuildFile; fileRef = 9B64995B2155D50200D9C8DF /* Assets.xcassets */; };
		9B64995F2155D50200D9C8DF /* LaunchScreen.storyboard in Resources */ = {isa = PBXBuildFile; fileRef = 9B64995D2155D50200D9C8DF /* LaunchScreen.storyboard */; };
		9B64996A2155D50200D9C8DF /* tippyTests.swift in Sources */ = {isa = PBXBuildFile; fileRef = 9B6499692155D50200D9C8DF /* tippyTests.swift */; };
		9B6499752155D50200D9C8DF /* tippyUITests.swift in Sources */ = {isa = PBXBuildFile; fileRef = 9B6499742155D50200D9C8DF /* tippyUITests.swift */; };
/* End PBXBuildFile section */

/* Begin PBXContainerItemProxy section */
		9B6499662155D50200D9C8DF /* PBXContainerItemProxy */ = {
			isa = PBXContainerItemProxy;
			containerPortal = 9B6499492155D50000D9C8DF /* Project object */;
			proxyType = 1;
			remoteGlobalIDString = 9B6499502155D50000D9C8DF;
			remoteInfo = tippy;
		};
		9B6499712155D50200D9C8DF /* PBXContainerItemProxy */ = {
			isa = PBXContainerItemProxy;
			containerPortal = 9B6499492155D50000D9C8DF /* Project object */;
			proxyType = 1;
			remoteGlobalIDString = 9B6499502155D50000D9C8DF;
			remoteInfo = tippy;
		};
/* End PBXContainerItemProxy section */

/* Begin PBXFileReference section */
		9B6499512155D50000D9C8DF /* tippy.app */ = {isa = PBXFileReference; explicitFileType = wrapper.application; includeInIndex = 0; path = tippy.app; sourceTree = BUILT_PRODUCTS_DIR; };
		9B6499542155D50000D9C8DF /* AppDelegate.swift */ = {isa = PBXFileReference; lastKnownFileType = sourcecode.swift; path = AppDelegate.swift; sourceTree = "<group>"; };
		9B6499562155D50000D9C8DF /* ViewController.swift */ = {isa = PBXFileReference; lastKnownFileType = sourcecode.swift; path = ViewController.swift; sourceTree = "<group>"; };
		9B6499592155D50000D9C8DF /* Base */ = {isa = PBXFileReference; lastKnownFileType = file.storyboard; name = Base; path = Base.lproj/Main.storyboard; sourceTree = "<group>"; };
		9B64995B2155D50200D9C8DF /* Assets.xcassets */ = {isa = PBXFileReference; lastKnownFileType = folder.assetcatalog; path = Assets.xcassets; sourceTree = "<group>"; };
		9B64995E2155D50200D9C8DF /* Base */ = {isa = PBXFileReference; lastKnownFileType = file.storyboard; name = Base; path = Base.lproj/LaunchScreen.storyboard; sourceTree = "<group>"; };
		9B6499602155D50200D9C8DF /* Info.plist */ = {isa = PBXFileReference; lastKnownFileType = text.plist.xml; path = Info.plist; sourceTree = "<group>"; };
		9B6499652155D50200D9C8DF /* tippyTests.xctest */ = {isa = PBXFileReference; explicitFileType = wrapper.cfbundle; includeInIndex = 0; path = tippyTests.xctest; sourceTree = BUILT_PRODUCTS_DIR; };
		9B6499692155D50200D9C8DF /* tippyTests.swift */ = {isa = PBXFileReference; lastKnownFileType = sourcecode.swift; path = tippyTests.swift; sourceTree = "<group>"; };
		9B64996B2155D50200D9C8DF /* Info.plist */ = {isa = PBXFileReference; lastKnownFileType = text.plist.xml; path = Info.plist; sourceTree = "<group>"; };
		9B6499702155D50200D9C8DF /* tippyUITests.xctest */ = {isa = PBXFileReference; explicitFileType = wrapper.cfbundle; includeInIndex = 0; path = tippyUITests.xctest; sourceTree = BUILT_PRODUCTS_DIR; };
		9B6499742155D50200D9C8DF /* tippyUITests.swift */ = {isa = PBXFileReference; lastKnownFileType = sourcecode.swift; path = tippyUITests.swift; sourceTree = "<group>"; };
		9B6499762155D50200D9C8DF /* Info.plist */ = {isa = PBXFileReference; lastKnownFileType = text.plist.xml; path = Info.plist; sourceTree = "<group>"; };
/* End PBXFileReference section */

/* Begin PBXFrameworksBuildPhase section */
		9B64994E2155D50000D9C8DF /* Frameworks */ = {
			isa = PBXFrameworksBuildPhase;
			buildActionMask = 2147483647;
			files = (
			);
			runOnlyForDeploymentPostprocessing = 0;
		};
		9B6499622155D50200D9C8DF /* Frameworks */ = {
			isa = PBXFrameworksBuildPhase;
			buildActionMask = 2147483647;
			files = (
			);
			runOnlyForDeploymentPostprocessing = 0;
		};
		9B64996D2155D50200D9C8DF /* Frameworks */ = {
			isa = PBXFrameworksBuildPhase;
			buildActionMask = 2147483647;
			files = (
			);
			runOnlyForDeploymentPostprocessing = 0;
		};
/* End PBXFrameworksBuildPhase section */

/* Begin PBXGroup section */
		9B6499482155D50000D9C8DF = {
			isa = PBXGroup;
			children = (
				9B6499532155D50000D9C8DF /* tippy */,
				9B6499682155D50200D9C8DF /* tippyTests */,
				9B6499732155D50200D9C8DF /* tippyUITests */,
				9B6499522155D50000D9C8DF /* Products */,
			);
			sourceTree = "<group>";
		};
		9B6499522155D50000D9C8DF /* Products */ = {
			isa = PBXGroup;
			children = (
				9B6499512155D50000D9C8DF /* tippy.app */,
				9B6499652155D50200D9C8DF /* tippyTests.xctest */,
				9B6499702155D50200D9C8DF /* tippyUITests.xctest */,
			);
			name = Products;
			sourceTree = "<group>";
		};
		9B6499532155D50000D9C8DF /* tippy */ = {
			isa = PBXGroup;
			children = (
				9B6499542155D50000D9C8DF /* AppDelegate.swift */,
				9B6499562155D50000D9C8DF /* ViewController.swift */,
				9B6499582155D50000D9C8DF /* Main.storyboard */,
				9B64995B2155D50200D9C8DF /* Assets.xcassets */,
				9B64995D2155D50200D9C8DF /* LaunchScreen.storyboard */,
				9B6499602155D50200D9C8DF /* Info.plist */,
			);
			path = tippy;
			sourceTree = "<group>";
		};
		9B6499682155D50200D9C8DF /* tippyTests */ = {
			isa = PBXGroup;
			children = (
				9B6499692155D50200D9C8DF /* tippyTests.swift */,
				9B64996B2155D50200D9C8DF /* Info.plist */,
			);
			path = tippyTests;
			sourceTree = "<group>";
		};
		9B6499732155D50200D9C8DF /* tippyUITests */ = {
			isa = PBXGroup;
			children = (
				9B6499742155D50200D9C8DF /* tippyUITests.swift */,
				9B6499762155D50200D9C8DF /* Info.plist */,
			);
			path = tippyUITests;
			sourceTree = "<group>";
		};
/* End PBXGroup section */

/* Begin PBXNativeTarget section */
		9B6499502155D50000D9C8DF /* tippy */ = {
			isa = PBXNativeTarget;
			buildConfigurationList = 9B6499792155D50200D9C8DF /* Build configuration list for PBXNativeTarget "tippy" */;
			buildPhases = (
				9B64994D2155D50000D9C8DF /* Sources */,
				9B64994E2155D50000D9C8DF /* Frameworks */,
				9B64994F2155D50000D9C8DF /* Resources */,
			);
			buildRules = (
			);
			dependencies = (
			);
			name = tippy;
			productName = tippy;
			productReference = 9B6499512155D50000D9C8DF /* tippy.app */;
			productType = "com.apple.product-type.application";
		};
		9B6499642155D50200D9C8DF /* tippyTests */ = {
			isa = PBXNativeTarget;
			buildConfigurationList = 9B64997C2155D50200D9C8DF /* Build configuration list for PBXNativeTarget "tippyTests" */;
			buildPhases = (
				9B6499612155D50200D9C8DF /* Sources */,
				9B6499622155D50200D9C8DF /* Frameworks */,
				9B6499632155D50200D9C8DF /* Resources */,
			);
			buildRules = (
			);
			dependencies = (
				9B6499672155D50200D9C8DF /* PBXTargetDependency */,
			);
			name = tippyTests;
			productName = tippyTests;
			productReference = 9B6499652155D50200D9C8DF /* tippyTests.xctest */;
			productType = "com.apple.product-type.bundle.unit-test";
		};
		9B64996F2155D50200D9C8DF /* tippyUITests */ = {
			isa = PBXNativeTarget;
			buildConfigurationList = 9B64997F2155D50200D9C8DF /* Build configuration list for PBXNativeTarget "tippyUITests" */;
			buildPhases = (
				9B64996C2155D50200D9C8DF /* Sources */,
				9B64996D2155D50200D9C8DF /* Frameworks */,
				9B64996E2155D50200D9C8DF /* Resources */,
			);
			buildRules = (
			);
			dependencies = (
				9B6499722155D50200D9C8DF /* PBXTargetDependency */,
			);
			name = tippyUITests;
			productName = tippyUITests;
			productReference = 9B6499702155D50200D9C8DF /* tippyUITests.xctest */;
			productType = "com.apple.product-type.bundle.ui-testing";
		};
/* End PBXNativeTarget section */

/* Begin PBXProject section */
		9B6499492155D50000D9C8DF /* Project object */ = {
			isa = PBXProject;
			attributes = {
				LastSwiftUpdateCheck = 0940;
				LastUpgradeCheck = 0940;
				ORGANIZATIONNAME = macstudent;
				TargetAttributes = {
					9B6499502155D50000D9C8DF = {
						CreatedOnToolsVersion = 9.4.1;
					};
					9B6499642155D50200D9C8DF = {
						CreatedOnToolsVersion = 9.4.1;
						TestTargetID = 9B6499502155D50000D9C8DF;
					};
					9B64996F2155D50200D9C8DF = {
						CreatedOnToolsVersion = 9.4.1;
						TestTargetID = 9B6499502155D50000D9C8DF;
					};
				};
			};
			buildConfigurationList = 9B64994C2155D50000D9C8DF /* Build configuration list for PBXProject "tippy" */;
			compatibilityVersion = "Xcode 9.3";
			developmentRegion = en;
			hasScannedForEncodings = 0;
			knownRegions = (
				en,
				Base,
			);
			mainGroup = 9B6499482155D50000D9C8DF;
			productRefGroup = 9B6499522155D50000D9C8DF /* Products */;
			projectDirPath = "";
			projectRoot = "";
			targets = (
				9B6499502155D50000D9C8DF /* tippy */,
				9B6499642155D50200D9C8DF /* tippyTests */,
				9B64996F2155D50200D9C8DF /* tippyUITests */,
			);
		};
/* End PBXProject section */

/* Begin PBXResourcesBuildPhase section */
		9B64994F2155D50000D9C8DF /* Resources */ = {
			isa = PBXResourcesBuildPhase;
			buildActionMask = 2147483647;
			files = (
				9B64995F2155D50200D9C8DF /* LaunchScreen.storyboard in Resources */,
				9B64995C2155D50200D9C8DF /* Assets.xcassets in Resources */,
				9B64995A2155D50000D9C8DF /* Main.storyboard in Resources */,
			);
			runOnlyForDeploymentPostprocessing = 0;
		};
		9B6499632155D50200D9C8DF /* Resources */ = {
			isa = PBXResourcesBuildPhase;
			buildActionMask = 2147483647;
			files = (
			);
			runOnlyForDeploymentPostprocessing = 0;
		};
		9B64996E2155D50200D9C8DF /* Resources */ = {
			isa = PBXResourcesBuildPhase;
			buildActionMask = 2147483647;
			files = (
			);
			runOnlyForDeploymentPostprocessing = 0;
		};
/* End PBXResourcesBuildPhase section */

/* Begin PBXSourcesBuildPhase section */
		9B64994D2155D50000D9C8DF /* Sources */ = {
			isa = PBXSourcesBuildPhase;
			buildActionMask = 2147483647;
			files = (
				9B6499572155D50000D9C8DF /* ViewController.swift in Sources */,
				9B6499552155D50000D9C8DF /* AppDelegate.swift in Sources */,
			);
			runOnlyForDeploymentPostprocessing = 0;
		};
		9B6499612155D50200D9C8DF /* Sources */ = {
			isa = PBXSourcesBuildPhase;
			buildActionMask = 2147483647;
			files = (
				9B64996A2155D50200D9C8DF /* tippyTests.swift in Sources */,
			);
			runOnlyForDeploymentPostprocessing = 0;
		};
		9B64996C2155D50200D9C8DF /* Sources */ = {
			isa = PBXSourcesBuildPhase;
			buildActionMask = 2147483647;
			files = (
				9B6499752155D50200D9C8DF /* tippyUITests.swift in Sources */,
			);
			runOnlyForDeploymentPostprocessing = 0;
		};
/* End PBXSourcesBuildPhase section */

/* Begin PBXTargetDependency section */
		9B6499672155D50200D9C8DF /* PBXTargetDependency */ = {
			isa = PBXTargetDependency;
			target = 9B6499502155D50000D9C8DF /* tippy */;
			targetProxy = 9B6499662155D50200D9C8DF /* PBXContainerItemProxy */;
		};
		9B6499722155D50200D9C8DF /* PBXTargetDependency */ = {
			isa = PBXTargetDependency;
			target = 9B6499502155D50000D9C8DF /* tippy */;
			targetProxy = 9B6499712155D50200D9C8DF /* PBXContainerItemProxy */;
		};
/* End PBXTargetDependency section */

/* Begin PBXVariantGroup section */
		9B6499582155D50000D9C8DF /* Main.storyboard */ = {
			isa = PBXVariantGroup;
			children = (
				9B6499592155D50000D9C8DF /* Base */,
			);
			name = Main.storyboard;
			sourceTree = "<group>";
		};
		9B64995D2155D50200D9C8DF /* LaunchScreen.storyboard */ = {
			isa = PBXVariantGroup;
			children = (
				9B64995E2155D50200D9C8DF /* Base */,
			);
			name = LaunchScreen.storyboard;
			sourceTree = "<group>";
		};
/* End PBXVariantGroup section */

/* Begin XCBuildConfiguration section */
		9B6499772155D50200D9C8DF /* Debug */ = {
			isa = XCBuildConfiguration;
			buildSettings = {
				ALWAYS_SEARCH_USER_PATHS = NO;
				CLANG_ANALYZER_NONNULL = YES;
				CLANG_ANALYZER_NUMBER_OBJECT_CONVERSION = YES_AGGRESSIVE;
				CLANG_CXX_LANGUAGE_STANDARD = "gnu++14";
				CLANG_CXX_LIBRARY = "libc++";
				CLANG_ENABLE_MODULES = YES;
				CLANG_ENABLE_OBJC_ARC = YES;
				CLANG_ENABLE_OBJC_WEAK = YES;
				CLANG_WARN_BLOCK_CAPTURE_AUTORELEASING = YES;
				CLANG_WARN_BOOL_CONVERSION = YES;
				CLANG_WARN_COMMA = YES;
				CLANG_WARN_CONSTANT_CONVERSION = YES;
				CLANG_WARN_DEPRECATED_OBJC_IMPLEMENTATIONS = YES;
				CLANG_WARN_DIRECT_OBJC_ISA_USAGE = YES_ERROR;
				CLANG_WARN_DOCUMENTATION_COMMENTS = YES;
				CLANG_WARN_EMPTY_BODY = YES;
				CLANG_WARN_ENUM_CONVERSION = YES;
				CLANG_WARN_INFINITE_RECURSION = YES;
				CLANG_WARN_INT_CONVERSION = YES;
				CLANG_WARN_NON_LITERAL_NULL_CONVERSION = YES;
				CLANG_WARN_OBJC_IMPLICIT_RETAIN_SELF = YES;
				CLANG_WARN_OBJC_LITERAL_CONVERSION = YES;
				CLANG_WARN_OBJC_ROOT_CLASS = YES_ERROR;
				CLANG_WARN_RANGE_LOOP_ANALYSIS = YES;
				CLANG_WARN_STRICT_PROTOTYPES = YES;
				CLANG_WARN_SUSPICIOUS_MOVE = YES;
				CLANG_WARN_UNGUARDED_AVAILABILITY = YES_AGGRESSIVE;
				CLANG_WARN_UNREACHABLE_CODE = YES;
				CLANG_WARN__DUPLICATE_METHOD_MATCH = YES;
				CODE_SIGN_IDENTITY = "iPhone Developer";
				COPY_PHASE_STRIP = NO;
				DEBUG_INFORMATION_FORMAT = dwarf;
				ENABLE_STRICT_OBJC_MSGSEND = YES;
				ENABLE_TESTABILITY = YES;
				GCC_C_LANGUAGE_STANDARD = gnu11;
				GCC_DYNAMIC_NO_PIC = NO;
				GCC_NO_COMMON_BLOCKS = YES;
				GCC_OPTIMIZATION_LEVEL = 0;
				GCC_PREPROCESSOR_DEFINITIONS = (
					"DEBUG=1",
					"$(inherited)",
				);
				GCC_WARN_64_TO_32_BIT_CONVERSION = YES;
				GCC_WARN_ABOUT_RETURN_TYPE = YES_ERROR;
				GCC_WARN_UNDECLARED_SELECTOR = YES;
				GCC_WARN_UNINITIALIZED_AUTOS = YES_AGGRESSIVE;
				GCC_WARN_UNUSED_FUNCTION = YES;
				GCC_WARN_UNUSED_VARIABLE = YES;
				IPHONEOS_DEPLOYMENT_TARGET = 11.4;
				MTL_ENABLE_DEBUG_INFO = YES;
				ONLY_ACTIVE_ARCH = YES;
				SDKROOT = iphoneos;
				SWIFT_ACTIVE_COMPILATION_CONDITIONS = DEBUG;
				SWIFT_OPTIMIZATION_LEVEL = "-Onone";
			};
			name = Debug;
		};
		9B6499782155D50200D9C8DF /* Release */ = {
			isa = XCBuildConfiguration;
			buildSettings = {
				ALWAYS_SEARCH_USER_PATHS = NO;
				CLANG_ANALYZER_NONNULL = YES;
				CLANG_ANALYZER_NUMBER_OBJECT_CONVERSION = YES_AGGRESSIVE;
				CLANG_CXX_LANGUAGE_STANDARD = "gnu++14";
				CLANG_CXX_LIBRARY = "libc++";
				CLANG_ENABLE_MODULES = YES;
				CLANG_ENABLE_OBJC_ARC = YES;
				CLANG_ENABLE_OBJC_WEAK = YES;
				CLANG_WARN_BLOCK_CAPTURE_AUTORELEASING = YES;
				CLANG_WARN_BOOL_CONVERSION = YES;
				CLANG_WARN_COMMA = YES;
				CLANG_WARN_CONSTANT_CONVERSION = YES;
				CLANG_WARN_DEPRECATED_OBJC_IMPLEMENTATIONS = YES;
				CLANG_WARN_DIRECT_OBJC_ISA_USAGE = YES_ERROR;
				CLANG_WARN_DOCUMENTATION_COMMENTS = YES;
				CLANG_WARN_EMPTY_BODY = YES;
				CLANG_WARN_ENUM_CONVERSION = YES;
				CLANG_WARN_INFINITE_RECURSION = YES;
				CLANG_WARN_INT_CONVERSION = YES;
				CLANG_WARN_NON_LITERAL_NULL_CONVERSION = YES;
				CLANG_WARN_OBJC_IMPLICIT_RETAIN_SELF = YES;
				CLANG_WARN_OBJC_LITERAL_CONVERSION = YES;
				CLANG_WARN_OBJC_ROOT_CLASS = YES_ERROR;
				CLANG_WARN_RANGE_LOOP_ANALYSIS = YES;
				CLANG_WARN_STRICT_PROTOTYPES = YES;
				CLANG_WARN_SUSPICIOUS_MOVE = YES;
				CLANG_WARN_UNGUARDED_AVAILABILITY = YES_AGGRESSIVE;
				CLANG_WARN_UNREACHABLE_CODE = YES;
				CLANG_WARN__DUPLICATE_METHOD_MATCH = YES;
				CODE_SIGN_IDENTITY = "iPhone Developer";
				COPY_PHASE_STRIP = NO;
				DEBUG_INFORMATION_FORMAT = "dwarf-with-dsym";
				ENABLE_NS_ASSERTIONS = NO;
				ENABLE_STRICT_OBJC_MSGSEND = YES;
				GCC_C_LANGUAGE_STANDARD = gnu11;
				GCC_NO_COMMON_BLOCKS = YES;
				GCC_WARN_64_TO_32_BIT_CONVERSION = YES;
				GCC_WARN_ABOUT_RETURN_TYPE = YES_ERROR;
				GCC_WARN_UNDECLARED_SELECTOR = YES;
				GCC_WARN_UNINITIALIZED_AUTOS = YES_AGGRESSIVE;
				GCC_WARN_UNUSED_FUNCTION = YES;
				GCC_WARN_UNUSED_VARIABLE = YES;
				IPHONEOS_DEPLOYMENT_TARGET = 11.4;
				MTL_ENABLE_DEBUG_INFO = NO;
				SDKROOT = iphoneos;
				SWIFT_COMPILATION_MODE = wholemodule;
				SWIFT_OPTIMIZATION_LEVEL = "-O";
				VALIDATE_PRODUCT = YES;
			};
			name = Release;
		};
		9B64997A2155D50200D9C8DF /* Debug */ = {
			isa = XCBuildConfiguration;
			buildSettings = {
				ASSETCATALOG_COMPILER_APPICON_NAME = AppIcon;
				CODE_SIGN_STYLE = Automatic;
				INFOPLIST_FILE = tippy/Info.plist;
				LD_RUNPATH_SEARCH_PATHS = (
					"$(inherited)",
					"@executable_path/Frameworks",
				);
				PRODUCT_BUNDLE_IDENTIFIER = Rob.tippy;
				PRODUCT_NAME = "$(TARGET_NAME)";
				SWIFT_VERSION = 4.0;
				TARGETED_DEVICE_FAMILY = "1,2";
			};
			name = Debug;
		};
		9B64997B2155D50200D9C8DF /* Release */ = {
			isa = XCBuildConfiguration;
			buildSettings = {
				ASSETCATALOG_COMPILER_APPICON_NAME = AppIcon;
				CODE_SIGN_STYLE = Automatic;
				INFOPLIST_FILE = tippy/Info.plist;
				LD_RUNPATH_SEARCH_PATHS = (
					"$(inherited)",
					"@executable_path/Frameworks",
				);
				PRODUCT_BUNDLE_IDENTIFIER = Rob.tippy;
				PRODUCT_NAME = "$(TARGET_NAME)";
				SWIFT_VERSION = 4.0;
				TARGETED_DEVICE_FAMILY = "1,2";
			};
			name = Release;
		};
		9B64997D2155D50200D9C8DF /* Debug */ = {
			isa = XCBuildConfiguration;
			buildSettings = {
				ALWAYS_EMBED_SWIFT_STANDARD_LIBRARIES = YES;
				BUNDLE_LOADER = "$(TEST_HOST)";
				CODE_SIGN_STYLE = Automatic;
				INFOPLIST_FILE = tippyTests/Info.plist;
				LD_RUNPATH_SEARCH_PATHS = (
					"$(inherited)",
					"@executable_path/Frameworks",
					"@loader_path/Frameworks",
				);
				PRODUCT_BUNDLE_IDENTIFIER = Rob.tippyTests;
				PRODUCT_NAME = "$(TARGET_NAME)";
				SWIFT_VERSION = 4.0;
				TARGETED_DEVICE_FAMILY = "1,2";
				TEST_HOST = "$(BUILT_PRODUCTS_DIR)/tippy.app/tippy";
			};
			name = Debug;
		};
		9B64997E2155D50200D9C8DF /* Release */ = {
			isa = XCBuildConfiguration;
			buildSettings = {
				ALWAYS_EMBED_SWIFT_STANDARD_LIBRARIES = YES;
				BUNDLE_LOADER = "$(TEST_HOST)";
				CODE_SIGN_STYLE = Automatic;
				INFOPLIST_FILE = tippyTests/Info.plist;
				LD_RUNPATH_SEARCH_PATHS = (
					"$(inherited)",
					"@executable_path/Frameworks",
					"@loader_path/Frameworks",
				);
				PRODUCT_BUNDLE_IDENTIFIER = Rob.tippyTests;
				PRODUCT_NAME = "$(TARGET_NAME)";
				SWIFT_VERSION = 4.0;
				TARGETED_DEVICE_FAMILY = "1,2";
				TEST_HOST = "$(BUILT_PRODUCTS_DIR)/tippy.app/tippy";
			};
			name = Release;
		};
		9B6499802155D50200D9C8DF /* Debug */ = {
			isa = XCBuildConfiguration;
			buildSettings = {
				ALWAYS_EMBED_SWIFT_STANDARD_LIBRARIES = YES;
				CODE_SIGN_STYLE = Automatic;
				INFOPLIST_FILE = tippyUITests/Info.plist;
				LD_RUNPATH_SEARCH_PATHS = (
					"$(inherited)",
					"@executable_path/Frameworks",
					"@loader_path/Frameworks",
				);
				PRODUCT_BUNDLE_IDENTIFIER = Rob.tippyUITests;
				PRODUCT_NAME = "$(TARGET_NAME)";
				SWIFT_VERSION = 4.0;
				TARGETED_DEVICE_FAMILY = "1,2";
				TEST_TARGET_NAME = tippy;
			};
			name = Debug;
		};
		9B6499812155D50200D9C8DF /* Release */ = {
			isa = XCBuildConfiguration;
			buildSettings = {
				ALWAYS_EMBED_SWIFT_STANDARD_LIBRARIES = YES;
				CODE_SIGN_STYLE = Automatic;
				INFOPLIST_FILE = tippyUITests/Info.plist;
				LD_RUNPATH_SEARCH_PATHS = (
					"$(inherited)",
					"@executable_path/Frameworks",
					"@loader_path/Frameworks",
				);
				PRODUCT_BUNDLE_IDENTIFIER = Rob.tippyUITests;
				PRODUCT_NAME = "$(TARGET_NAME)";
				SWIFT_VERSION = 4.0;
				TARGETED_DEVICE_FAMILY = "1,2";
				TEST_TARGET_NAME = tippy;
			};
			name = Release;
		};
/* End XCBuildConfiguration section */

/* Begin XCConfigurationList section */
		9B64994C2155D50000D9C8DF /* Build configuration list for PBXProject "tippy" */ = {
			isa = XCConfigurationList;
			buildConfigurations = (
				9B6499772155D50200D9C8DF /* Debug */,
				9B6499782155D50200D9C8DF /* Release */,
			);
			defaultConfigurationIsVisible = 0;
			defaultConfigurationName = Release;
		};
		9B6499792155D50200D9C8DF /* Build configuration list for PBXNativeTarget "tippy" */ = {
			isa = XCConfigurationList;
			buildConfigurations = (
				9B64997A2155D50200D9C8DF /* Debug */,
				9B64997B2155D50200D9C8DF /* Release */,
			);
			defaultConfigurationIsVisible = 0;
			defaultConfigurationName = Release;
		};
		9B64997C2155D50200D9C8DF /* Build configuration list for PBXNativeTarget "tippyTests" */ = {
			isa = XCConfigurationList;
			buildConfigurations = (
				9B64997D2155D50200D9C8DF /* Debug */,
				9B64997E2155D50200D9C8DF /* Release */,
			);
			defaultConfigurationIsVisible = 0;
			defaultConfigurationName = Release;
		};
		9B64997F2155D50200D9C8DF /* Build configuration list for PBXNativeTarget "tippyUITests" */ = {
			isa = XCConfigurationList;
			buildConfigurations = (
				9B6499802155D50200D9C8DF /* Debug */,
				9B6499812155D50200D9C8DF /* Release */,
			);
			defaultConfigurationIsVisible = 0;
			defaultConfigurationName = Release;
		};
/* End XCConfigurationList section */
	};
	rootObject = 9B6499492155D50000D9C8DF /* Project object */;
}
